
Microsoft Visual Studio Solution File, Format Version 12.00
# Visual Studio Version 17
VisualStudioVersion = 17.8.34511.84
MinimumVisualStudioVersion = 10.0.40219.1
Project("{9A19103F-16F7-4668-BE54-9A1E7A4F7556}") = "Discovery", "Discovery\Discovery.csproj", "{D4CBEEA7-4CC8-494A-B60C-78BDCE8472BD}"
EndProject
Project("{FAE04EC0-301F-11D3-BF4B-00C04F79EFBC}") = "Weather", "Services\Weather\Weather.csproj", "{434BF29B-D17C-4175-A75B-459FCA3F38AE}"
EndProject
Project("{FAE04EC0-301F-11D3-BF4B-00C04F79EFBC}") = "Common", "Common\Common.csproj", "{41B6BF13-013B-4C54-AA7C-FCEE5AB596EE}"
EndProject
Global
	GlobalSection(SolutionConfigurationPlatforms) = preSolution
		Debug|Any CPU = Debug|Any CPU
		Release|Any CPU = Release|Any CPU
	EndGlobalSection
	GlobalSection(ProjectConfigurationPlatforms) = postSolution
		{D4CBEEA7-4CC8-494A-B60C-78BDCE8472BD}.Debug|Any CPU.ActiveCfg = Debug|Any CPU
		{D4CBEEA7-4CC8-494A-B60C-78BDCE8472BD}.Debug|Any CPU.Build.0 = Debug|Any CPU
		{D4CBEEA7-4CC8-494A-B60C-78BDCE8472BD}.Release|Any CPU.ActiveCfg = Release|Any CPU
		{D4CBEEA7-4CC8-494A-B60C-78BDCE8472BD}.Release|Any CPU.Build.0 = Release|Any CPU
		{434BF29B-D17C-4175-A75B-459FCA3F38AE}.Debug|Any CPU.ActiveCfg = Debug|Any CPU
		{434BF29B-D17C-4175-A75B-459FCA3F38AE}.Debug|Any CPU.Build.0 = Debug|Any CPU
		{434BF29B-D17C-4175-A75B-459FCA3F38AE}.Release|Any CPU.ActiveCfg = Release|Any CPU
		{434BF29B-D17C-4175-A75B-459FCA3F38AE}.Release|Any CPU.Build.0 = Release|Any CPU
		{41B6BF13-013B-4C54-AA7C-FCEE5AB596EE}.Debug|Any CPU.ActiveCfg = Debug|Any CPU
		{41B6BF13-013B-4C54-AA7C-FCEE5AB596EE}.Debug|Any CPU.Build.0 = Debug|Any CPU
		{41B6BF13-013B-4C54-AA7C-FCEE5AB596EE}.Release|Any CPU.ActiveCfg = Release|Any CPU
		{41B6BF13-013B-4C54-AA7C-FCEE5AB596EE}.Release|Any CPU.Build.0 = Release|Any CPU
	EndGlobalSection
	GlobalSection(SolutionProperties) = preSolution
		HideSolutionNode = FALSE
	EndGlobalSection
	GlobalSection(ExtensibilityGlobals) = postSolution
		SolutionGuid = {A56A17DB-297F-4372-AB3F-924A445CE5CF}
	EndGlobalSection
EndGlobal
